
Microsoft Visual Studio Solution File, Format Version 12.00
# Visual Studio Version 16
VisualStudioVersion = 16.0.30011.22
MinimumVisualStudioVersion = 10.0.40219.1
Project("{FAE04EC0-301F-11D3-BF4B-00C04F79EFBC}") = "RenameSubtitlesWithVideoNames", "RenameSubtitlesWithVideoNames\RenameSubtitlesWithVideoNames.csproj", "{A636E51C-75C2-4DAE-AE17-A697A16599B8}"
EndProject
Global
	GlobalSection(SolutionConfigurationPlatforms) = preSolution
		Debug|Any CPU = Debug|Any CPU
		Release|Any CPU = Release|Any CPU
	EndGlobalSection
	GlobalSection(ProjectConfigurationPlatforms) = postSolution
		{A636E51C-75C2-4DAE-AE17-A697A16599B8}.Debug|Any CPU.ActiveCfg = Debug|Any CPU
		{A636E51C-75C2-4DAE-AE17-A697A16599B8}.Debug|Any CPU.Build.0 = Debug|Any CPU
		{A636E51C-75C2-4DAE-AE17-A697A16599B8}.Release|Any CPU.ActiveCfg = Release|Any CPU
		{A636E51C-75C2-4DAE-AE17-A697A16599B8}.Release|Any CPU.Build.0 = Release|Any CPU
	EndGlobalSection
	GlobalSection(SolutionProperties) = preSolution
		HideSolutionNode = FALSE
	EndGlobalSection
	GlobalSection(ExtensibilityGlobals) = postSolution
		SolutionGuid = {5B4D7635-1820-4C4A-990A-0921A40EE155}
	EndGlobalSection
EndGlobal
